[[package]]
name = "bcrypt"
version = "4.2.1"
description = "Modern password hashing for your software and your servers"
category = "main"
optional = false
python-versions = ">=3.7"

[package.extras]
tests = ["pytest (>=3.2.1,!=3.3.0)"]
typecheck = ["mypy"]

[[package]]
name = "blinker"
version = "1.9.0"
description = "Fast, simple object-to-object and broadcast signaling"
category = "main"
optional = false
python-versions = ">=3.9"

[[package]]
name = "cachelib"
version = "0.9.0"
description = "A collection of cache libraries in the same API interface."
category = "main"
optional = false
python-versions = ">=3.7"

[[package]]
name = "click"
version = "8.1.8"
description = "Composable command line interface toolkit"
category = "main"
optional = false
python-versions = ">=3.7"

[package.dependencies]
colorama = {version = "*", markers = "platform_system == \"Windows\""}

[[package]]
name = "colorama"
version = "0.4.6"
description = "Cross-platform colored terminal text."
category = "main"
optional = false
python-versions = "!=3.0.*,!=3.1.*,!=3.2.*,!=3.3.*,!=3.4.*,!=3.5.*,!=3.6.*,>=2.7"

[[package]]
name = "dnspython"
version = "2.7.0"
description = "DNS toolkit"
category = "main"
optional = false
python-versions = ">=3.9"

[package.extras]
dev = ["black (>=23.1.0)", "coverage (>=7.0)", "flake8 (>=7)", "hypercorn (>=0.16.0)", "mypy (>=1.8)", "pylint (>=3)", "pytest-cov (>=4.1.0)", "pytest (>=7.4)", "quart-trio (>=0.11.0)", "sphinx-rtd-theme (>=2.0.0)", "sphinx (>=7.2.0)", "twine (>=4.0.0)", "wheel (>=0.42.0)"]
dnssec = ["cryptography (>=43)"]
doh = ["h2 (>=4.1.0)", "httpcore (>=1.0.0)", "httpx (>=0.26.0)"]
doq = ["aioquic (>=1.0.0)"]
idna = ["idna (>=3.7)"]
trio = ["trio (>=0.23)"]
wmi = ["wmi (>=1.5.1)"]

[[package]]
name = "flake8"
version = "3.9.2"
description = "the modular source code checker: pep8 pyflakes and co"
category = "main"
optional = false
python-versions = "!=3.0.*,!=3.1.*,!=3.2.*,!=3.3.*,!=3.4.*,>=2.7"

[package.dependencies]
mccabe = ">=0.6.0,<0.7.0"
pycodestyle = ">=2.7.0,<2.8.0"
pyflakes = ">=2.3.0,<2.4.0"

[[package]]
name = "flask"
version = "3.1.0"
description = "A simple framework for building complex web applications."
category = "main"
optional = false
python-versions = ">=3.9"

[package.dependencies]
blinker = ">=1.9"
click = ">=8.1.3"
itsdangerous = ">=2.2"
Jinja2 = ">=3.1.2"
Werkzeug = ">=3.1"

[package.extras]
async = ["asgiref (>=3.2)"]
dotenv = ["python-dotenv"]

[[package]]
name = "flask-bcrypt"
version = "1.0.1"
description = "Brcrypt hashing for Flask."
category = "main"
optional = false
python-versions = "*"

[package.dependencies]
bcrypt = ">=3.1.1"
Flask = "*"

[[package]]
name = "flask-caching"
version = "2.3.0"
description = "Adds caching support to Flask applications."
category = "main"
optional = false
python-versions = ">=3.8"

[package.dependencies]
cachelib = ">=0.9.0,<0.10.0"
Flask = "*"

[[package]]
name = "flask-login"
version = "0.6.3"
description = "User authentication and session management for Flask."
category = "main"
optional = false
python-versions = ">=3.7"

[package.dependencies]
Flask = ">=1.0.4"
Werkzeug = ">=1.0.1"

[[package]]
name = "flask-me"
version = "1.0.2"
description = "Flask extension that provides integration with MongoEngine and WTF model forms. This project is a forked of flask-mongoengine for compatable of new flask version"
category = "main"
optional = false
python-versions = ">=3.7"

[package.dependencies]
Flask = ">=2.0"
mongoengine = ">=0.21"

[package.extras]
dev = ["black (==22.6.0)", "pre-commit", "pytest", "pytest-cov", "pytest-mock", "nox", "Pillow (>=7.0.0)", "blinker"]
legacy = ["MarkupSafe (==2.0.1)"]
legacy-dev = ["pytest", "pytest-cov", "pytest-mock", "Pillow (>=7.0.0)", "blinker"]
toolbar = ["Flask-DebugToolbar (>=0.11.0)"]
wtf = ["WTForms[email] (>=3.0.0)", "Flask-WTF (>=0.14.3)"]

[[package]]
name = "flask-wtf"
version = "1.2.2"
description = "Form rendering, validation, and CSRF protection for Flask with WTForms."
category = "main"
optional = false
python-versions = ">=3.9"

[package.dependencies]
flask = "*"
itsdangerous = "*"
wtforms = "*"

[package.extras]
email = ["email-validator"]

[[package]]
name = "itsdangerous"
version = "2.2.0"
description = "Safely pass data to untrusted environments and back."
category = "main"
optional = false
python-versions = ">=3.8"

[[package]]
name = "jinja2"
version = "3.1.5"
description = "A very fast and expressive template engine."
category = "main"
optional = false
python-versions = ">=3.7"

[package.dependencies]
MarkupSafe = ">=2.0"

[package.extras]
i18n = ["Babel (>=2.7)"]

[[package]]
name = "markupsafe"
version = "3.0.2"
description = "Safely add untrusted strings to HTML/XML markup."
category = "main"
optional = false
python-versions = ">=3.9"

[[package]]
name = "mccabe"
version = "0.6.1"
description = "McCabe checker, plugin for flake8"
category = "main"
optional = false
python-versions = "*"

[[package]]
name = "mongoengine"
version = "0.29.1"
description = "MongoEngine is a Python Object-Document Mapper for working with MongoDB."
category = "main"
optional = false
python-versions = ">=3.7"

[package.dependencies]
pymongo = ">=3.4,<5.0"

[package.extras]
test = ["pytest", "pytest-cov", "coverage", "blinker", "Pillow (>=7.0.0)"]

[[package]]
name = "pycodestyle"
version = "2.7.0"
description = "Python style guide checker"
category = "main"
optional = false
python-versions = ">=2.7, !=3.0.*, !=3.1.*, !=3.2.*, !=3.3.*"

[[package]]
name = "pyflakes"
version = "2.3.1"
description = "passive checker of Python programs"
category = "main"
optional = false
python-versions = ">=2.7, !=3.0.*, !=3.1.*, !=3.2.*, !=3.3.*"

[[package]]
name = "pymongo"
version = "4.10.1"
description = "Python driver for MongoDB <http://www.mongodb.org>"
category = "main"
optional = false
python-versions = ">=3.8"

[package.dependencies]
dnspython = ">=1.16.0,<3.0.0"

[package.extras]
aws = ["pymongo-auth-aws (>=1.1.0,<2.0.0)"]
docs = ["furo (==2023.9.10)", "readthedocs-sphinx-search (>=0.3,<1.0)", "sphinx-autobuild (>=2020.9.1)", "sphinx-rtd-theme (>=2,<3)", "sphinx (>=5.3,<8)", "sphinxcontrib-shellcheck (>=1,<2)"]
encryption = ["certifi", "pymongo-auth-aws (>=1.1.0,<2.0.0)", "pymongocrypt (>=1.10.0,<2.0.0)"]
gssapi = ["pykerberos", "winkerberos (>=0.5.0)"]
ocsp = ["certifi", "cryptography (>=2.5)", "pyopenssl (>=17.2.0)", "requests (<3.0.0)", "service-identity (>=18.1.0)"]
snappy = ["python-snappy"]
test = ["pytest-asyncio (>=0.24.0)", "pytest (>=8.2)"]
zstd = ["zstandard"]

[[package]]
name = "python-dotenv"
version = "1.0.1"
description = "Read key-value pairs from a .env file and set them as environment variables"
category = "main"
optional = false
python-versions = ">=3.8"

[package.extras]
cli = ["click (>=5.0)"]

[[package]]
name = "werkzeug"
version = "3.1.3"
description = "The comprehensive WSGI web application library."
category = "main"
optional = false
python-versions = ">=3.9"

[package.dependencies]
MarkupSafe = ">=2.1.1"

[package.extras]
watchdog = ["watchdog (>=2.3)"]

[[package]]
name = "wtforms"
version = "3.2.1"
description = "Form validation and rendering for Python web development."
category = "main"
optional = false
python-versions = ">=3.9"

[package.dependencies]
markupsafe = "*"

[package.extras]
email = ["email-validator"]

[metadata]
lock-version = "1.1"
python-versions = "^3.10"
content-hash = "6b5d2e87a1e20ceadad9c427bee36cd52e3ab7f294ccf2be73c6cde4d6e0f435"

[metadata.files]
bcrypt = []
blinker = []
cachelib = []
click = []
colorama = []
dnspython = []
flake8 = []
flask = []
flask-bcrypt = []
flask-caching = []
flask-login = []
flask-me = []
flask-wtf = []
itsdangerous = []
jinja2 = []
markupsafe = []
mccabe = []
mongoengine = []
pycodestyle = []
pyflakes = []
pymongo = []
python-dotenv = []
werkzeug = []
wtforms = []
